
Microsoft Visual Studio Solution File, Format Version 12.00
# Visual Studio Version 17
VisualStudioVersion = 17.1.32319.34
MinimumVisualStudioVersion = 10.0.40219.1
Project("{8BC9CEB8-8B4A-11D0-8D11-00A0C91BC942}") = "Fase 1", "Fase 1\Fase 1.vcxproj", "{DF03D9AF-298F-4458-A2AF-8DF5E21136B0}"
EndProject
Global
	GlobalSection(SolutionConfigurationPlatforms) = preSolution
		Debug|x64 = Debug|x64
		Debug|x86 = Debug|x86
		Release|x64 = Release|x64
		Release|x86 = Release|x86
	EndGlobalSection
	GlobalSection(ProjectConfigurationPlatforms) = postSolution
		{DF03D9AF-298F-4458-A2AF-8DF5E21136B0}.Debug|x64.ActiveCfg = Debug|x64
		{DF03D9AF-298F-4458-A2AF-8DF5E21136B0}.Debug|x64.Build.0 = Debug|x64
		{DF03D9AF-298F-4458-A2AF-8DF5E21136B0}.Debug|x86.ActiveCfg = Debug|Win32
		{DF03D9AF-298F-4458-A2AF-8DF5E21136B0}.Debug|x86.Build.0 = Debug|Win32
		{DF03D9AF-298F-4458-A2AF-8DF5E21136B0}.Release|x64.ActiveCfg = Release|x64
		{DF03D9AF-298F-4458-A2AF-8DF5E21136B0}.Release|x64.Build.0 = Release|x64
		{DF03D9AF-298F-4458-A2AF-8DF5E21136B0}.Release|x86.ActiveCfg = Release|Win32
		{DF03D9AF-298F-4458-A2AF-8DF5E21136B0}.Release|x86.Build.0 = Release|Win32
	EndGlobalSection
	GlobalSection(SolutionProperties) = preSolution
		HideSolutionNode = FALSE
	EndGlobalSection
	GlobalSection(ExtensibilityGlobals) = postSolution
		SolutionGuid = {8F126D59-9D57-454F-854F-1B153F6E0DE4}
	EndGlobalSection
EndGlobal
